
Microsoft Visual Studio Solution File, Format Version 12.00
# Visual Studio Version 17
VisualStudioVersion = 17.10.34928.147
MinimumVisualStudioVersion = 10.0.40219.1
Project("{FAE04EC0-301F-11D3-BF4B-00C04F79EFBC}") = "COMERP", "COMERP\COMERP.csproj", "{183A3CC9-D13D-4724-9A17-4E3B01ACCCAF}"
EndProject
Project("{FAE04EC0-301F-11D3-BF4B-00C04F79EFBC}") = "UI", "UI\UI.csproj", "{75352E91-1265-4C50-AB10-3A82F3CC4585}"
EndProject
Global
	GlobalSection(SolutionConfigurationPlatforms) = preSolution
		Debug|Any CPU = Debug|Any CPU
		Release|Any CPU = Release|Any CPU
	EndGlobalSection
	GlobalSection(ProjectConfigurationPlatforms) = postSolution
		{183A3CC9-D13D-4724-9A17-4E3B01ACCCAF}.Debug|Any CPU.ActiveCfg = Debug|Any CPU
		{183A3CC9-D13D-4724-9A17-4E3B01ACCCAF}.Debug|Any CPU.Build.0 = Debug|Any CPU
		{183A3CC9-D13D-4724-9A17-4E3B01ACCCAF}.Release|Any CPU.ActiveCfg = Release|Any CPU
		{183A3CC9-D13D-4724-9A17-4E3B01ACCCAF}.Release|Any CPU.Build.0 = Release|Any CPU
		{75352E91-1265-4C50-AB10-3A82F3CC4585}.Debug|Any CPU.ActiveCfg = Debug|Any CPU
		{75352E91-1265-4C50-AB10-3A82F3CC4585}.Debug|Any CPU.Build.0 = Debug|Any CPU
		{75352E91-1265-4C50-AB10-3A82F3CC4585}.Release|Any CPU.ActiveCfg = Release|Any CPU
		{75352E91-1265-4C50-AB10-3A82F3CC4585}.Release|Any CPU.Build.0 = Release|Any CPU
	EndGlobalSection
	GlobalSection(SolutionProperties) = preSolution
		HideSolutionNode = FALSE
	EndGlobalSection
	GlobalSection(ExtensibilityGlobals) = postSolution
		SolutionGuid = {057C6769-9B78-4363-8CCA-35CBE0D7AECA}
	EndGlobalSection
EndGlobal
